
Microsoft Visual Studio Solution File, Format Version 12.00
# Visual Studio Version 17
VisualStudioVersion = 17.6.33829.357
MinimumVisualStudioVersion = 10.0.40219.1
Project("{FAE04EC0-301F-11D3-BF4B-00C04F79EFBC}") = "WindowForm", "GameplayForm\WindowForm.csproj", "{6129AD57-42DB-4797-939B-CDA6298146C6}"
EndProject
Project("{FAE04EC0-301F-11D3-BF4B-00C04F79EFBC}") = "GameComponent", "GameComponent\GameComponent.csproj", "{83047CC0-C6F4-455E-885F-5345D254DBFE}"
EndProject
Global
	GlobalSection(SolutionConfigurationPlatforms) = preSolution
		Debug|Any CPU = Debug|Any CPU
		Release|Any CPU = Release|Any CPU
	EndGlobalSection
	GlobalSection(ProjectConfigurationPlatforms) = postSolution
		{6129AD57-42DB-4797-939B-CDA6298146C6}.Debug|Any CPU.ActiveCfg = Debug|Any CPU
		{6129AD57-42DB-4797-939B-CDA6298146C6}.Debug|Any CPU.Build.0 = Debug|Any CPU
		{6129AD57-42DB-4797-939B-CDA6298146C6}.Release|Any CPU.ActiveCfg = Release|Any CPU
		{6129AD57-42DB-4797-939B-CDA6298146C6}.Release|Any CPU.Build.0 = Release|Any CPU
		{83047CC0-C6F4-455E-885F-5345D254DBFE}.Debug|Any CPU.ActiveCfg = Debug|Any CPU
		{83047CC0-C6F4-455E-885F-5345D254DBFE}.Debug|Any CPU.Build.0 = Debug|Any CPU
		{83047CC0-C6F4-455E-885F-5345D254DBFE}.Release|Any CPU.ActiveCfg = Release|Any CPU
		{83047CC0-C6F4-455E-885F-5345D254DBFE}.Release|Any CPU.Build.0 = Release|Any CPU
	EndGlobalSection
	GlobalSection(SolutionProperties) = preSolution
		HideSolutionNode = FALSE
	EndGlobalSection
	GlobalSection(ExtensibilityGlobals) = postSolution
		SolutionGuid = {26E10A38-5004-4BD7-9C8C-5A7B73518B3E}
	EndGlobalSection
EndGlobal
